// !$*UTF8*$!
{
	archiveVersion = 1;
	classes = {
	};
	objectVersion = 50;
	objects = {

/* Begin PBXBuildFile section */
		4EBCB3AA2176E25400B0E06D /* AppDelegate.swift in Sources */ = {isa = PBXBuildFile; fileRef = 4EBCB3A92176E25400B0E06D /* AppDelegate.swift */; };
		4EBCB3AF2176E25400B0E06D /* Main.storyboard in Resources */ = {isa = PBXBuildFile; fileRef = 4EBCB3AD2176E25400B0E06D /* Main.storyboard */; };
		4EBCB3B12176E25600B0E06D /* Assets.xcassets in Resources */ = {isa = PBXBuildFile; fileRef = 4EBCB3B02176E25600B0E06D /* Assets.xcassets */; };
		4EBCB3B42176E25600B0E06D /* LaunchScreen.storyboard in Resources */ = {isa = PBXBuildFile; fileRef = 4EBCB3B22176E25600B0E06D /* LaunchScreen.storyboard */; };
		4EBCB3BF2176E25600B0E06D /* TinderTests.swift in Sources */ = {isa = PBXBuildFile; fileRef = 4EBCB3BE2176E25600B0E06D /* TinderTests.swift */; };
		4EBCB3CA2176E25600B0E06D /* TinderUITests.swift in Sources */ = {isa = PBXBuildFile; fileRef = 4EBCB3C92176E25600B0E06D /* TinderUITests.swift */; };
		4EBCB3D82176E55800B0E06D /* CardsViewController.swift in Sources */ = {isa = PBXBuildFile; fileRef = 4EBCB3D72176E55800B0E06D /* CardsViewController.swift */; };
/* End PBXBuildFile section */

/* Begin PBXContainerItemProxy section */
		4EBCB3BB2176E25600B0E06D /* PBXContainerItemProxy */ = {
			isa = PBXContainerItemProxy;
			containerPortal = 4EBCB39E2176E25400B0E06D /* Project object */;
			proxyType = 1;
			remoteGlobalIDString = 4EBCB3A52176E25400B0E06D;
			remoteInfo = Tinder;
		};
		4EBCB3C62176E25600B0E06D /* PBXContainerItemProxy */ = {
			isa = PBXContainerItemProxy;
			containerPortal = 4EBCB39E2176E25400B0E06D /* Project object */;
			proxyType = 1;
			remoteGlobalIDString = 4EBCB3A52176E25400B0E06D;
			remoteInfo = Tinder;
		};
/* End PBXContainerItemProxy section */

/* Begin PBXFileReference section */
		4EBCB3A62176E25400B0E06D /* Tinder.app */ = {isa = PBXFileReference; explicitFileType = wrapper.application; includeInIndex = 0; path = Tinder.app; sourceTree = BUILT_PRODUCTS_DIR; };
		4EBCB3A92176E25400B0E06D /* AppDelegate.swift */ = {isa = PBXFileReference; lastKnownFileType = sourcecode.swift; path = AppDelegate.swift; sourceTree = "<group>"; };
		4EBCB3AE2176E25400B0E06D /* Base */ = {isa = PBXFileReference; lastKnownFileType = file.storyboard; name = Base; path = Base.lproj/Main.storyboard; sourceTree = "<group>"; };
		4EBCB3B02176E25600B0E06D /* Assets.xcassets */ = {isa = PBXFileReference; lastKnownFileType = folder.assetcatalog; path = Assets.xcassets; sourceTree = "<group>"; };
		4EBCB3B32176E25600B0E06D /* Base */ = {isa = PBXFileReference; lastKnownFileType = file.storyboard; name = Base; path = Base.lproj/LaunchScreen.storyboard; sourceTree = "<group>"; };
		4EBCB3B52176E25600B0E06D /* Info.plist */ = {isa = PBXFileReference; lastKnownFileType = text.plist.xml; path = Info.plist; sourceTree = "<group>"; };
		4EBCB3BA2176E25600B0E06D /* TinderTests.xctest */ = {isa = PBXFileReference; explicitFileType = wrapper.cfbundle; includeInIndex = 0; path = TinderTests.xctest; sourceTree = BUILT_PRODUCTS_DIR; };
		4EBCB3BE2176E25600B0E06D /* TinderTests.swift */ = {isa = PBXFileReference; lastKnownFileType = sourcecode.swift; path = TinderTests.swift; sourceTree = "<group>"; };
		4EBCB3C02176E25600B0E06D /* Info.plist */ = {isa = PBXFileReference; lastKnownFileType = text.plist.xml; path = Info.plist; sourceTree = "<group>"; };
		4EBCB3C52176E25600B0E06D /* TinderUITests.xctest */ = {isa = PBXFileReference; explicitFileType = wrapper.cfbundle; includeInIndex = 0; path = TinderUITests.xctest; sourceTree = BUILT_PRODUCTS_DIR; };
		4EBCB3C92176E25600B0E06D /* TinderUITests.swift */ = {isa = PBXFileReference; lastKnownFileType = sourcecode.swift; path = TinderUITests.swift; sourceTree = "<group>"; };
		4EBCB3CB2176E25600B0E06D /* Info.plist */ = {isa = PBXFileReference; lastKnownFileType = text.plist.xml; path = Info.plist; sourceTree = "<group>"; };
		4EBCB3D72176E55800B0E06D /* CardsViewController.swift */ = {isa = PBXFileReference; lastKnownFileType = sourcecode.swift; path = CardsViewController.swift; sourceTree = "<group>"; };
/* End PBXFileReference section */

/* Begin PBXFrameworksBuildPhase section */
		4EBCB3A32176E25400B0E06D /* Frameworks */ = {
			isa = PBXFrameworksBuildPhase;
			buildActionMask = 2147483647;
			files = (
			);
			runOnlyForDeploymentPostprocessing = 0;
		};
		4EBCB3B72176E25600B0E06D /* Frameworks */ = {
			isa = PBXFrameworksBuildPhase;
			buildActionMask = 2147483647;
			files = (
			);
			runOnlyForDeploymentPostprocessing = 0;
		};
		4EBCB3C22176E25600B0E06D /* Frameworks */ = {
			isa = PBXFrameworksBuildPhase;
			buildActionMask = 2147483647;
			files = (
			);
			runOnlyForDeploymentPostprocessing = 0;
		};
/* End PBXFrameworksBuildPhase section */

/* Begin PBXGroup section */
		4EBCB39D2176E25400B0E06D = {
			isa = PBXGroup;
			children = (
				4EBCB3A82176E25400B0E06D /* Tinder */,
				4EBCB3BD2176E25600B0E06D /* TinderTests */,
				4EBCB3C82176E25600B0E06D /* TinderUITests */,
				4EBCB3A72176E25400B0E06D /* Products */,
			);
			sourceTree = "<group>";
		};
		4EBCB3A72176E25400B0E06D /* Products */ = {
			isa = PBXGroup;
			children = (
				4EBCB3A62176E25400B0E06D /* Tinder.app */,
				4EBCB3BA2176E25600B0E06D /* TinderTests.xctest */,
				4EBCB3C52176E25600B0E06D /* TinderUITests.xctest */,
			);
			name = Products;
			sourceTree = "<group>";
		};
		4EBCB3A82176E25400B0E06D /* Tinder */ = {
			isa = PBXGroup;
			children = (
				4EBCB3A92176E25400B0E06D /* AppDelegate.swift */,
				4EBCB3D72176E55800B0E06D /* CardsViewController.swift */,
				4EBCB3AD2176E25400B0E06D /* Main.storyboard */,
				4EBCB3B02176E25600B0E06D /* Assets.xcassets */,
				4EBCB3B22176E25600B0E06D /* LaunchScreen.storyboard */,
				4EBCB3B52176E25600B0E06D /* Info.plist */,
			);
			path = Tinder;
			sourceTree = "<group>";
		};
		4EBCB3BD2176E25600B0E06D /* TinderTests */ = {
			isa = PBXGroup;
			children = (
				4EBCB3BE2176E25600B0E06D /* TinderTests.swift */,
				4EBCB3C02176E25600B0E06D /* Info.plist */,
			);
			path = TinderTests;
			sourceTree = "<group>";
		};
		4EBCB3C82176E25600B0E06D /* TinderUITests */ = {
			isa = PBXGroup;
			children = (
				4EBCB3C92176E25600B0E06D /* TinderUITests.swift */,
				4EBCB3CB2176E25600B0E06D /* Info.plist */,
			);
			path = TinderUITests;
			sourceTree = "<group>";
		};
/* End PBXGroup section */

/* Begin PBXNativeTarget section */
		4EBCB3A52176E25400B0E06D /* Tinder */ = {
			isa = PBXNativeTarget;
			buildConfigurationList = 4EBCB3CE2176E25600B0E06D /* Build configuration list for PBXNativeTarget "Tinder" */;
			buildPhases = (
				4EBCB3A22176E25400B0E06D /* Sources */,
				4EBCB3A32176E25400B0E06D /* Frameworks */,
				4EBCB3A42176E25400B0E06D /* Resources */,
			);
			buildRules = (
			);
			dependencies = (
			);
			name = Tinder;
			productName = Tinder;
			productReference = 4EBCB3A62176E25400B0E06D /* Tinder.app */;
			productType = "com.apple.product-type.application";
		};
		4EBCB3B92176E25600B0E06D /* TinderTests */ = {
			isa = PBXNativeTarget;
			buildConfigurationList = 4EBCB3D12176E25600B0E06D /* Build configuration list for PBXNativeTarget "TinderTests" */;
			buildPhases = (
				4EBCB3B62176E25600B0E06D /* Sources */,
				4EBCB3B72176E25600B0E06D /* Frameworks */,
				4EBCB3B82176E25600B0E06D /* Resources */,
			);
			buildRules = (
			);
			dependencies = (
				4EBCB3BC2176E25600B0E06D /* PBXTargetDependency */,
			);
			name = TinderTests;
			productName = TinderTests;
			productReference = 4EBCB3BA2176E25600B0E06D /* TinderTests.xctest */;
			productType = "com.apple.product-type.bundle.unit-test";
		};
		4EBCB3C42176E25600B0E06D /* TinderUITests */ = {
			isa = PBXNativeTarget;
			buildConfigurationList = 4EBCB3D42176E25600B0E06D /* Build configuration list for PBXNativeTarget "TinderUITests" */;
			buildPhases = (
				4EBCB3C12176E25600B0E06D /* Sources */,
				4EBCB3C22176E25600B0E06D /* Frameworks */,
				4EBCB3C32176E25600B0E06D /* Resources */,
			);
			buildRules = (
			);
			dependencies = (
				4EBCB3C72176E25600B0E06D /* PBXTargetDependency */,
			);
			name = TinderUITests;
			productName = TinderUITests;
			productReference = 4EBCB3C52176E25600B0E06D /* TinderUITests.xctest */;
			productType = "com.apple.product-type.bundle.ui-testing";
		};
/* End PBXNativeTarget section */

/* Begin PBXProject section */
		4EBCB39E2176E25400B0E06D /* Project object */ = {
			isa = PBXProject;
			attributes = {
				LastSwiftUpdateCheck = 1000;
				LastUpgradeCheck = 1000;
				ORGANIZATIONNAME = "Jangey Lu";
				TargetAttributes = {
					4EBCB3A52176E25400B0E06D = {
						CreatedOnToolsVersion = 10.0;
					};
					4EBCB3B92176E25600B0E06D = {
						CreatedOnToolsVersion = 10.0;
						TestTargetID = 4EBCB3A52176E25400B0E06D;
					};
					4EBCB3C42176E25600B0E06D = {
						CreatedOnToolsVersion = 10.0;
						TestTargetID = 4EBCB3A52176E25400B0E06D;
					};
				};
			};
			buildConfigurationList = 4EBCB3A12176E25400B0E06D /* Build configuration list for PBXProject "Tinder" */;
			compatibilityVersion = "Xcode 9.3";
			developmentRegion = en;
			hasScannedForEncodings = 0;
			knownRegions = (
				en,
				Base,
			);
			mainGroup = 4EBCB39D2176E25400B0E06D;
			productRefGroup = 4EBCB3A72176E25400B0E06D /* Products */;
			projectDirPath = "";
			projectRoot = "";
			targets = (
				4EBCB3A52176E25400B0E06D /* Tinder */,
				4EBCB3B92176E25600B0E06D /* TinderTests */,
				4EBCB3C42176E25600B0E06D /* TinderUITests */,
			);
		};
/* End PBXProject section */

/* Begin PBXResourcesBuildPhase section */
		4EBCB3A42176E25400B0E06D /* Resources */ = {
			isa = PBXResourcesBuildPhase;
			buildActionMask = 2147483647;
			files = (
				4EBCB3B42176E25600B0E06D /* LaunchScreen.storyboard in Resources */,
				4EBCB3B12176E25600B0E06D /* Assets.xcassets in Resources */,
				4EBCB3AF2176E25400B0E06D /* Main.storyboard in Resources */,
			);
			runOnlyForDeploymentPostprocessing = 0;
		};
		4EBCB3B82176E25600B0E06D /* Resources */ = {
			isa = PBXResourcesBuildPhase;
			buildActionMask = 2147483647;
			files = (
			);
			runOnlyForDeploymentPostprocessing = 0;
		};
		4EBCB3C32176E25600B0E06D /* Resources */ = {
			isa = PBXResourcesBuildPhase;
			buildActionMask = 2147483647;
			files = (
			);
			runOnlyForDeploymentPostprocessing = 0;
		};
/* End PBXResourcesBuildPhase section */

/* Begin PBXSourcesBuildPhase section */
		4EBCB3A22176E25400B0E06D /* Sources */ = {
			isa = PBXSourcesBuildPhase;
			buildActionMask = 2147483647;
			files = (
				4EBCB3D82176E55800B0E06D /* CardsViewController.swift in Sources */,
				4EBCB3AA2176E25400B0E06D /* AppDelegate.swift in Sources */,
			);
			runOnlyForDeploymentPostprocessing = 0;
		};
		4EBCB3B62176E25600B0E06D /* Sources */ = {
			isa = PBXSourcesBuildPhase;
			buildActionMask = 2147483647;
			files = (
				4EBCB3BF2176E25600B0E06D /* TinderTests.swift in Sources */,
			);
			runOnlyForDeploymentPostprocessing = 0;
		};
		4EBCB3C12176E25600B0E06D /* Sources */ = {
			isa = PBXSourcesBuildPhase;
			buildActionMask = 2147483647;
			files = (
				4EBCB3CA2176E25600B0E06D /* TinderUITests.swift in Sources */,
			);
			runOnlyForDeploymentPostprocessing = 0;
		};
/* End PBXSourcesBuildPhase section */

/* Begin PBXTargetDependency section */
		4EBCB3BC2176E25600B0E06D /* PBXTargetDependency */ = {
			isa = PBXTargetDependency;
			target = 4EBCB3A52176E25400B0E06D /* Tinder */;
			targetProxy = 4EBCB3BB2176E25600B0E06D /* PBXContainerItemProxy */;
		};
		4EBCB3C72176E25600B0E06D /* PBXTargetDependency */ = {
			isa = PBXTargetDependency;
			target = 4EBCB3A52176E25400B0E06D /* Tinder */;
			targetProxy = 4EBCB3C62176E25600B0E06D /* PBXContainerItemProxy */;
		};
/* End PBXTargetDependency section */

/* Begin PBXVariantGroup section */
		4EBCB3AD2176E25400B0E06D /* Main.storyboard */ = {
			isa = PBXVariantGroup;
			children = (
				4EBCB3AE2176E25400B0E06D /* Base */,
			);
			name = Main.storyboard;
			sourceTree = "<group>";
		};
		4EBCB3B22176E25600B0E06D /* LaunchScreen.storyboard */ = {
			isa = PBXVariantGroup;
			children = (
				4EBCB3B32176E25600B0E06D /* Base */,
			);
			name = LaunchScreen.storyboard;
			sourceTree = "<group>";
		};
/* End PBXVariantGroup section */

/* Begin XCBuildConfiguration section */
		4EBCB3CC2176E25600B0E06D /* Debug */ = {
			isa = XCBuildConfiguration;
			buildSettings = {
				ALWAYS_SEARCH_USER_PATHS = NO;
				CLANG_ANALYZER_NONNULL = YES;
				CLANG_ANALYZER_NUMBER_OBJECT_CONVERSION = YES_AGGRESSIVE;
				CLANG_CXX_LANGUAGE_STANDARD = "gnu++14";
				CLANG_CXX_LIBRARY = "libc++";
				CLANG_ENABLE_MODULES = YES;
				CLANG_ENABLE_OBJC_ARC = YES;
				CLANG_ENABLE_OBJC_WEAK = YES;
				CLANG_WARN_BLOCK_CAPTURE_AUTORELEASING = YES;
				CLANG_WARN_BOOL_CONVERSION = YES;
				CLANG_WARN_COMMA = YES;
				CLANG_WARN_CONSTANT_CONVERSION = YES;
				CLANG_WARN_DEPRECATED_OBJC_IMPLEMENTATIONS = YES;
				CLANG_WARN_DIRECT_OBJC_ISA_USAGE = YES_ERROR;
				CLANG_WARN_DOCUMENTATION_COMMENTS = YES;
				CLANG_WARN_EMPTY_BODY = YES;
				CLANG_WARN_ENUM_CONVERSION = YES;
				CLANG_WARN_INFINITE_RECURSION = YES;
				CLANG_WARN_INT_CONVERSION = YES;
				CLANG_WARN_NON_LITERAL_NULL_CONVERSION = YES;
				CLANG_WARN_OBJC_IMPLICIT_RETAIN_SELF = YES;
				CLANG_WARN_OBJC_LITERAL_CONVERSION = YES;
				CLANG_WARN_OBJC_ROOT_CLASS = YES_ERROR;
				CLANG_WARN_RANGE_LOOP_ANALYSIS = YES;
				CLANG_WARN_STRICT_PROTOTYPES = YES;
				CLANG_WARN_SUSPICIOUS_MOVE = YES;
				CLANG_WARN_UNGUARDED_AVAILABILITY = YES_AGGRESSIVE;
				CLANG_WARN_UNREACHABLE_CODE = YES;
				CLANG_WARN__DUPLICATE_METHOD_MATCH = YES;
				CODE_SIGN_IDENTITY = "iPhone Developer";
				COPY_PHASE_STRIP = NO;
				DEBUG_INFORMATION_FORMAT = dwarf;
				ENABLE_STRICT_OBJC_MSGSEND = YES;
				ENABLE_TESTABILITY = YES;
				GCC_C_LANGUAGE_STANDARD = gnu11;
				GCC_DYNAMIC_NO_PIC = NO;
				GCC_NO_COMMON_BLOCKS = YES;
				GCC_OPTIMIZATION_LEVEL = 0;
				GCC_PREPROCESSOR_DEFINITIONS = (
					"DEBUG=1",
					"$(inherited)",
				);
				GCC_WARN_64_TO_32_BIT_CONVERSION = YES;
				GCC_WARN_ABOUT_RETURN_TYPE = YES_ERROR;
				GCC_WARN_UNDECLARED_SELECTOR = YES;
				GCC_WARN_UNINITIALIZED_AUTOS = YES_AGGRESSIVE;
				GCC_WARN_UNUSED_FUNCTION = YES;
				GCC_WARN_UNUSED_VARIABLE = YES;
				IPHONEOS_DEPLOYMENT_TARGET = 12.0;
				MTL_ENABLE_DEBUG_INFO = INCLUDE_SOURCE;
				MTL_FAST_MATH = YES;
				ONLY_ACTIVE_ARCH = YES;
				SDKROOT = iphoneos;
				SWIFT_ACTIVE_COMPILATION_CONDITIONS = DEBUG;
				SWIFT_OPTIMIZATION_LEVEL = "-Onone";
			};
			name = Debug;
		};
		4EBCB3CD2176E25600B0E06D /* Release */ = {
			isa = XCBuildConfiguration;
			buildSettings = {
				ALWAYS_SEARCH_USER_PATHS = NO;
				CLANG_ANALYZER_NONNULL = YES;
				CLANG_ANALYZER_NUMBER_OBJECT_CONVERSION = YES_AGGRESSIVE;
				CLANG_CXX_LANGUAGE_STANDARD = "gnu++14";
				CLANG_CXX_LIBRARY = "libc++";
				CLANG_ENABLE_MODULES = YES;
				CLANG_ENABLE_OBJC_ARC = YES;
				CLANG_ENABLE_OBJC_WEAK = YES;
				CLANG_WARN_BLOCK_CAPTURE_AUTORELEASING = YES;
				CLANG_WARN_BOOL_CONVERSION = YES;
				CLANG_WARN_COMMA = YES;
				CLANG_WARN_CONSTANT_CONVERSION = YES;
				CLANG_WARN_DEPRECATED_OBJC_IMPLEMENTATIONS = YES;
				CLANG_WARN_DIRECT_OBJC_ISA_USAGE = YES_ERROR;
				CLANG_WARN_DOCUMENTATION_COMMENTS = YES;
				CLANG_WARN_EMPTY_BODY = YES;
				CLANG_WARN_ENUM_CONVERSION = YES;
				CLANG_WARN_INFINITE_RECURSION = YES;
				CLANG_WARN_INT_CONVERSION = YES;
				CLANG_WARN_NON_LITERAL_NULL_CONVERSION = YES;
				CLANG_WARN_OBJC_IMPLICIT_RETAIN_SELF = YES;
				CLANG_WARN_OBJC_LITERAL_CONVERSION = YES;
				CLANG_WARN_OBJC_ROOT_CLASS = YES_ERROR;
				CLANG_WARN_RANGE_LOOP_ANALYSIS = YES;
				CLANG_WARN_STRICT_PROTOTYPES = YES;
				CLANG_WARN_SUSPICIOUS_MOVE = YES;
				CLANG_WARN_UNGUARDED_AVAILABILITY = YES_AGGRESSIVE;
				CLANG_WARN_UNREACHABLE_CODE = YES;
				CLANG_WARN__DUPLICATE_METHOD_MATCH = YES;
				CODE_SIGN_IDENTITY = "iPhone Developer";
				COPY_PHASE_STRIP = NO;
				DEBUG_INFORMATION_FORMAT = "dwarf-with-dsym";
				ENABLE_NS_ASSERTIONS = NO;
				ENABLE_STRICT_OBJC_MSGSEND = YES;
				GCC_C_LANGUAGE_STANDARD = gnu11;
				GCC_NO_COMMON_BLOCKS = YES;
				GCC_WARN_64_TO_32_BIT_CONVERSION = YES;
				GCC_WARN_ABOUT_RETURN_TYPE = YES_ERROR;
				GCC_WARN_UNDECLARED_SELECTOR = YES;
				GCC_WARN_UNINITIALIZED_AUTOS = YES_AGGRESSIVE;
				GCC_WARN_UNUSED_FUNCTION = YES;
				GCC_WARN_UNUSED_VARIABLE = YES;
				IPHONEOS_DEPLOYMENT_TARGET = 12.0;
				MTL_ENABLE_DEBUG_INFO = NO;
				MTL_FAST_MATH = YES;
				SDKROOT = iphoneos;
				SWIFT_COMPILATION_MODE = wholemodule;
				SWIFT_OPTIMIZATION_LEVEL = "-O";
				VALIDATE_PRODUCT = YES;
			};
			name = Release;
		};
		4EBCB3CF2176E25600B0E06D /* Debug */ = {
			isa = XCBuildConfiguration;
			buildSettings = {
				ASSETCATALOG_COMPILER_APPICON_NAME = AppIcon;
				CODE_SIGN_STYLE = Automatic;
				INFOPLIST_FILE = Tinder/Info.plist;
				LD_RUNPATH_SEARCH_PATHS = (
					"$(inherited)",
					"@executable_path/Frameworks",
				);
				PRODUCT_BUNDLE_IDENTIFIER = Jangey.Tinder;
				PRODUCT_NAME = "$(TARGET_NAME)";
				SWIFT_VERSION = 4.2;
				TARGETED_DEVICE_FAMILY = "1,2";
			};
			name = Debug;
		};
		4EBCB3D02176E25600B0E06D /* Release */ = {
			isa = XCBuildConfiguration;
			buildSettings = {
				ASSETCATALOG_COMPILER_APPICON_NAME = AppIcon;
				CODE_SIGN_STYLE = Automatic;
				INFOPLIST_FILE = Tinder/Info.plist;
				LD_RUNPATH_SEARCH_PATHS = (
					"$(inherited)",
					"@executable_path/Frameworks",
				);
				PRODUCT_BUNDLE_IDENTIFIER = Jangey.Tinder;
				PRODUCT_NAME = "$(TARGET_NAME)";
				SWIFT_VERSION = 4.2;
				TARGETED_DEVICE_FAMILY = "1,2";
			};
			name = Release;
		};
		4EBCB3D22176E25600B0E06D /* Debug */ = {
			isa = XCBuildConfiguration;
			buildSettings = {
				ALWAYS_EMBED_SWIFT_STANDARD_LIBRARIES = YES;
				BUNDLE_LOADER = "$(TEST_HOST)";
				CODE_SIGN_STYLE = Automatic;
				INFOPLIST_FILE = TinderTests/Info.plist;
				LD_RUNPATH_SEARCH_PATHS = (
					"$(inherited)",
					"@executable_path/Frameworks",
					"@loader_path/Frameworks",
				);
				PRODUCT_BUNDLE_IDENTIFIER = Jangey.TinderTests;
				PRODUCT_NAME = "$(TARGET_NAME)";
				SWIFT_VERSION = 4.2;
				TARGETED_DEVICE_FAMILY = "1,2";
				TEST_HOST = "$(BUILT_PRODUCTS_DIR)/Tinder.app/Tinder";
			};
			name = Debug;
		};
		4EBCB3D32176E25600B0E06D /* Release */ = {
			isa = XCBuildConfiguration;
			buildSettings = {
				ALWAYS_EMBED_SWIFT_STANDARD_LIBRARIES = YES;
				BUNDLE_LOADER = "$(TEST_HOST)";
				CODE_SIGN_STYLE = Automatic;
				INFOPLIST_FILE = TinderTests/Info.plist;
				LD_RUNPATH_SEARCH_PATHS = (
					"$(inherited)",
					"@executable_path/Frameworks",
					"@loader_path/Frameworks",
				);
				PRODUCT_BUNDLE_IDENTIFIER = Jangey.TinderTests;
				PRODUCT_NAME = "$(TARGET_NAME)";
				SWIFT_VERSION = 4.2;
				TARGETED_DEVICE_FAMILY = "1,2";
				TEST_HOST = "$(BUILT_PRODUCTS_DIR)/Tinder.app/Tinder";
			};
			name = Release;
		};
		4EBCB3D52176E25600B0E06D /* Debug */ = {
			isa = XCBuildConfiguration;
			buildSettings = {
				ALWAYS_EMBED_SWIFT_STANDARD_LIBRARIES = YES;
				CODE_SIGN_STYLE = Automatic;
				INFOPLIST_FILE = TinderUITests/Info.plist;
				LD_RUNPATH_SEARCH_PATHS = (
					"$(inherited)",
					"@executable_path/Frameworks",
					"@loader_path/Frameworks",
				);
				PRODUCT_BUNDLE_IDENTIFIER = Jangey.TinderUITests;
				PRODUCT_NAME = "$(TARGET_NAME)";
				SWIFT_VERSION = 4.2;
				TARGETED_DEVICE_FAMILY = "1,2";
				TEST_TARGET_NAME = Tinder;
			};
			name = Debug;
		};
		4EBCB3D62176E25600B0E06D /* Release */ = {
			isa = XCBuildConfiguration;
			buildSettings = {
				ALWAYS_EMBED_SWIFT_STANDARD_LIBRARIES = YES;
				CODE_SIGN_STYLE = Automatic;
				INFOPLIST_FILE = TinderUITests/Info.plist;
				LD_RUNPATH_SEARCH_PATHS = (
					"$(inherited)",
					"@executable_path/Frameworks",
					"@loader_path/Frameworks",
				);
				PRODUCT_BUNDLE_IDENTIFIER = Jangey.TinderUITests;
				PRODUCT_NAME = "$(TARGET_NAME)";
				SWIFT_VERSION = 4.2;
				TARGETED_DEVICE_FAMILY = "1,2";
				TEST_TARGET_NAME = Tinder;
			};
			name = Release;
		};
/* End XCBuildConfiguration section */

/* Begin XCConfigurationList section */
		4EBCB3A12176E25400B0E06D /* Build configuration list for PBXProject "Tinder" */ = {
			isa = XCConfigurationList;
			buildConfigurations = (
				4EBCB3CC2176E25600B0E06D /* Debug */,
				4EBCB3CD2176E25600B0E06D /* Release */,
			);
			defaultConfigurationIsVisible = 0;
			defaultConfigurationName = Release;
		};
		4EBCB3CE2176E25600B0E06D /* Build configuration list for PBXNativeTarget "Tinder" */ = {
			isa = XCConfigurationList;
			buildConfigurations = (
				4EBCB3CF2176E25600B0E06D /* Debug */,
				4EBCB3D02176E25600B0E06D /* Release */,
			);
			defaultConfigurationIsVisible = 0;
			defaultConfigurationName = Release;
		};
		4EBCB3D12176E25600B0E06D /* Build configuration list for PBXNativeTarget "TinderTests" */ = {
			isa = XCConfigurationList;
			buildConfigurations = (
				4EBCB3D22176E25600B0E06D /* Debug */,
				4EBCB3D32176E25600B0E06D /* Release */,
			);
			defaultConfigurationIsVisible = 0;
			defaultConfigurationName = Release;
		};
		4EBCB3D42176E25600B0E06D /* Build configuration list for PBXNativeTarget "TinderUITests" */ = {
			isa = XCConfigurationList;
			buildConfigurations = (
				4EBCB3D52176E25600B0E06D /* Debug */,
				4EBCB3D62176E25600B0E06D /* Release */,
			);
			defaultConfigurationIsVisible = 0;
			defaultConfigurationName = Release;
		};
/* End XCConfigurationList section */
	};
	rootObject = 4EBCB39E2176E25400B0E06D /* Project object */;
}
